
Microsoft Visual Studio Solution File, Format Version 12.00
# Visual Studio Version 16
VisualStudioVersion = 16.0.30907.101
MinimumVisualStudioVersion = 10.0.40219.1
Project("{FAE04EC0-301F-11D3-BF4B-00C04F79EFBC}") = "SampleApp", "SampleApp.csproj", "{FA1F7F4B-A30E-4043-B8F1-18D618A62CDB}"
EndProject
Project("{FAE04EC0-301F-11D3-BF4B-00C04F79EFBC}") = "SampleAppTests", "..\SampleAppTests\SampleAppTests.csproj", "{2ED692DB-792D-4E8D-88C9-7E63A4CA9791}"
EndProject
Global
	GlobalSection(SolutionConfigurationPlatforms) = preSolution
		Debug|Any CPU = Debug|Any CPU
		Release|Any CPU = Release|Any CPU
	EndGlobalSection
	GlobalSection(ProjectConfigurationPlatforms) = postSolution
		{FA1F7F4B-A30E-4043-B8F1-18D618A62CDB}.Debug|Any CPU.ActiveCfg = Debug|Any CPU
		{FA1F7F4B-A30E-4043-B8F1-18D618A62CDB}.Debug|Any CPU.Build.0 = Debug|Any CPU
		{FA1F7F4B-A30E-4043-B8F1-18D618A62CDB}.Release|Any CPU.ActiveCfg = Release|Any CPU
		{FA1F7F4B-A30E-4043-B8F1-18D618A62CDB}.Release|Any CPU.Build.0 = Release|Any CPU
		{2ED692DB-792D-4E8D-88C9-7E63A4CA9791}.Debug|Any CPU.ActiveCfg = Debug|Any CPU
		{2ED692DB-792D-4E8D-88C9-7E63A4CA9791}.Debug|Any CPU.Build.0 = Debug|Any CPU
		{2ED692DB-792D-4E8D-88C9-7E63A4CA9791}.Release|Any CPU.ActiveCfg = Release|Any CPU
		{2ED692DB-792D-4E8D-88C9-7E63A4CA9791}.Release|Any CPU.Build.0 = Release|Any CPU
	EndGlobalSection
	GlobalSection(SolutionProperties) = preSolution
		HideSolutionNode = FALSE
	EndGlobalSection
	GlobalSection(ExtensibilityGlobals) = postSolution
		SolutionGuid = {BD365AE9-490A-47BC-B166-3C0FFBE3ECB1}
	EndGlobalSection
EndGlobal
